{
  "name": "ai-from-scratch-cn",
  "version": "1.0.0",
  "lockfileVersion": 3,
  "requires": true,
  "packages": {
    "": {
      "name": "ai-from-scratch-cn",
      "version": "1.0.0",
      "license": "ISC",
      "dependencies": {
        "marked2": "^0.2.7"
      }
    },
    "node_modules/marked2": {
      "version": "0.2.7",
      "resolved": "https://registry.npmmirror.com/marked2/-/marked2-0.2.7.tgz",
      "integrity": "sha512-hxKvtcM7PCl8Xc54j1lrtV5ggEDJ0eGA68HBdY1Ly7gvndkQBGVOLI+q0hMc4IHk2LbuSzivgqwYaELogH5Hnw==",
      "bin": {
        "marked2": "bin/marked"
      }
    }
  }
}
